// !$*UTF8*$!
{
	archiveVersion = 1;
	classes = {
	};
	objectVersion = 56;
	objects = {

/* Begin PBXBuildFile section */
		472442452951DA9400586BC8 /* AppDelegate.swift in Sources */ = {isa = PBXBuildFile; fileRef = 472442442951DA9400586BC8 /* AppDelegate.swift */; };
		472442472951DACC00586BC8 /* EventsViewModel.swift in Sources */ = {isa = PBXBuildFile; fileRef = 472442462951DACC00586BC8 /* EventsViewModel.swift */; };
		6F1B821E29518D72005849D0 /* EventsFBApp.swift in Sources */ = {isa = PBXBuildFile; fileRef = 6F1B821D29518D72005849D0 /* EventsFBApp.swift */; };
		6F1B822029518D72005849D0 /* ContentView.swift in Sources */ = {isa = PBXBuildFile; fileRef = 6F1B821F29518D72005849D0 /* ContentView.swift */; };
		6F1B822229518D73005849D0 /* Assets.xcassets in Resources */ = {isa = PBXBuildFile; fileRef = 6F1B822129518D73005849D0 /* Assets.xcassets */; };
		6F1B822629518D73005849D0 /* Preview Assets.xcassets in Resources */ = {isa = PBXBuildFile; fileRef = 6F1B822529518D73005849D0 /* Preview Assets.xcassets */; };
		6F1B823029518D73005849D0 /* EventsFBTests.swift in Sources */ = {isa = PBXBuildFile; fileRef = 6F1B822F29518D73005849D0 /* EventsFBTests.swift */; };
		6F1B823A29518D73005849D0 /* EventsFBUITests.swift in Sources */ = {isa = PBXBuildFile; fileRef = 6F1B823929518D73005849D0 /* EventsFBUITests.swift */; };
		6F1B823C29518D73005849D0 /* EventsFBUITestsLaunchTests.swift in Sources */ = {isa = PBXBuildFile; fileRef = 6F1B823B29518D73005849D0 /* EventsFBUITestsLaunchTests.swift */; };
		6F1B824A29518FCE005849D0 /* FacebookBasics in Frameworks */ = {isa = PBXBuildFile; productRef = 6F1B824929518FCE005849D0 /* FacebookBasics */; };
		6F1B824C29518FCE005849D0 /* FacebookCore in Frameworks */ = {isa = PBXBuildFile; productRef = 6F1B824B29518FCE005849D0 /* FacebookCore */; };
		6F1B824E29518FCE005849D0 /* FacebookLogin in Frameworks */ = {isa = PBXBuildFile; productRef = 6F1B824D29518FCE005849D0 /* FacebookLogin */; };
/* End PBXBuildFile section */

/* Begin PBXContainerItemProxy section */
		6F1B822C29518D73005849D0 /* PBXContainerItemProxy */ = {
			isa = PBXContainerItemProxy;
			containerPortal = 6F1B821229518D72005849D0 /* Project object */;
			proxyType = 1;
			remoteGlobalIDString = 6F1B821929518D72005849D0;
			remoteInfo = EventsFB;
		};
		6F1B823629518D73005849D0 /* PBXContainerItemProxy */ = {
			isa = PBXContainerItemProxy;
			containerPortal = 6F1B821229518D72005849D0 /* Project object */;
			proxyType = 1;
			remoteGlobalIDString = 6F1B821929518D72005849D0;
			remoteInfo = EventsFB;
		};
/* End PBXContainerItemProxy section */

/* Begin PBXFileReference section */
		472442442951DA9400586BC8 /* AppDelegate.swift */ = {isa = PBXFileReference; lastKnownFileType = sourcecode.swift; path = AppDelegate.swift; sourceTree = "<group>"; };
		472442462951DACC00586BC8 /* EventsViewModel.swift */ = {isa = PBXFileReference; lastKnownFileType = sourcecode.swift; path = EventsViewModel.swift; sourceTree = "<group>"; };
		6F1B821A29518D72005849D0 /* EventsFB.app */ = {isa = PBXFileReference; explicitFileType = wrapper.application; includeInIndex = 0; path = EventsFB.app; sourceTree = BUILT_PRODUCTS_DIR; };
		6F1B821D29518D72005849D0 /* EventsFBApp.swift */ = {isa = PBXFileReference; lastKnownFileType = sourcecode.swift; path = EventsFBApp.swift; sourceTree = "<group>"; };
		6F1B821F29518D72005849D0 /* ContentView.swift */ = {isa = PBXFileReference; lastKnownFileType = sourcecode.swift; path = ContentView.swift; sourceTree = "<group>"; };
		6F1B822129518D73005849D0 /* Assets.xcassets */ = {isa = PBXFileReference; lastKnownFileType = folder.assetcatalog; path = Assets.xcassets; sourceTree = "<group>"; };
		6F1B822329518D73005849D0 /* EventsFB.entitlements */ = {isa = PBXFileReference; lastKnownFileType = text.plist.entitlements; path = EventsFB.entitlements; sourceTree = "<group>"; };
		6F1B822529518D73005849D0 /* Preview Assets.xcassets */ = {isa = PBXFileReference; lastKnownFileType = folder.assetcatalog; path = "Preview Assets.xcassets"; sourceTree = "<group>"; };
		6F1B822B29518D73005849D0 /* EventsFBTests.xctest */ = {isa = PBXFileReference; explicitFileType = wrapper.cfbundle; includeInIndex = 0; path = EventsFBTests.xctest; sourceTree = BUILT_PRODUCTS_DIR; };
		6F1B822F29518D73005849D0 /* EventsFBTests.swift */ = {isa = PBXFileReference; lastKnownFileType = sourcecode.swift; path = EventsFBTests.swift; sourceTree = "<group>"; };
		6F1B823529518D73005849D0 /* EventsFBUITests.xctest */ = {isa = PBXFileReference; explicitFileType = wrapper.cfbundle; includeInIndex = 0; path = EventsFBUITests.xctest; sourceTree = BUILT_PRODUCTS_DIR; };
		6F1B823929518D73005849D0 /* EventsFBUITests.swift */ = {isa = PBXFileReference; lastKnownFileType = sourcecode.swift; path = EventsFBUITests.swift; sourceTree = "<group>"; };
		6F1B823B29518D73005849D0 /* EventsFBUITestsLaunchTests.swift */ = {isa = PBXFileReference; lastKnownFileType = sourcecode.swift; path = EventsFBUITestsLaunchTests.swift; sourceTree = "<group>"; };
		6F1B824F2951910D005849D0 /* Info.plist */ = {isa = PBXFileReference; lastKnownFileType = text.plist; path = Info.plist; sourceTree = "<group>"; };
/* End PBXFileReference section */

/* Begin PBXFrameworksBuildPhase section */
		6F1B821729518D72005849D0 /* Frameworks */ = {
			isa = PBXFrameworksBuildPhase;
			buildActionMask = 2147483647;
			files = (
				6F1B824A29518FCE005849D0 /* FacebookBasics in Frameworks */,
				6F1B824C29518FCE005849D0 /* FacebookCore in Frameworks */,
				6F1B824E29518FCE005849D0 /* FacebookLogin in Frameworks */,
			);
			runOnlyForDeploymentPostprocessing = 0;
		};
		6F1B822829518D73005849D0 /* Frameworks */ = {
			isa = PBXFrameworksBuildPhase;
			buildActionMask = 2147483647;
			files = (
			);
			runOnlyForDeploymentPostprocessing = 0;
		};
		6F1B823229518D73005849D0 /* Frameworks */ = {
			isa = PBXFrameworksBuildPhase;
			buildActionMask = 2147483647;
			files = (
			);
			runOnlyForDeploymentPostprocessing = 0;
		};
/* End PBXFrameworksBuildPhase section */

/* Begin PBXGroup section */
		6F1B821129518D72005849D0 = {
			isa = PBXGroup;
			children = (
				6F1B821C29518D72005849D0 /* EventsFB */,
				6F1B822E29518D73005849D0 /* EventsFBTests */,
				6F1B823829518D73005849D0 /* EventsFBUITests */,
				6F1B821B29518D72005849D0 /* Products */,
			);
			sourceTree = "<group>";
		};
		6F1B821B29518D72005849D0 /* Products */ = {
			isa = PBXGroup;
			children = (
				6F1B821A29518D72005849D0 /* EventsFB.app */,
				6F1B822B29518D73005849D0 /* EventsFBTests.xctest */,
				6F1B823529518D73005849D0 /* EventsFBUITests.xctest */,
			);
			name = Products;
			sourceTree = "<group>";
		};
		6F1B821C29518D72005849D0 /* EventsFB */ = {
			isa = PBXGroup;
			children = (
				6F1B824F2951910D005849D0 /* Info.plist */,
				6F1B821D29518D72005849D0 /* EventsFBApp.swift */,
				472442442951DA9400586BC8 /* AppDelegate.swift */,
				6F1B821F29518D72005849D0 /* ContentView.swift */,
				472442462951DACC00586BC8 /* EventsViewModel.swift */,
				6F1B822129518D73005849D0 /* Assets.xcassets */,
				6F1B822329518D73005849D0 /* EventsFB.entitlements */,
				6F1B822429518D73005849D0 /* Preview Content */,
			);
			path = EventsFB;
			sourceTree = "<group>";
		};
		6F1B822429518D73005849D0 /* Preview Content */ = {
			isa = PBXGroup;
			children = (
				6F1B822529518D73005849D0 /* Preview Assets.xcassets */,
			);
			path = "Preview Content";
			sourceTree = "<group>";
		};
		6F1B822E29518D73005849D0 /* EventsFBTests */ = {
			isa = PBXGroup;
			children = (
				6F1B822F29518D73005849D0 /* EventsFBTests.swift */,
			);
			path = EventsFBTests;
			sourceTree = "<group>";
		};
		6F1B823829518D73005849D0 /* EventsFBUITests */ = {
			isa = PBXGroup;
			children = (
				6F1B823929518D73005849D0 /* EventsFBUITests.swift */,
				6F1B823B29518D73005849D0 /* EventsFBUITestsLaunchTests.swift */,
			);
			path = EventsFBUITests;
			sourceTree = "<group>";
		};
/* End PBXGroup section */

/* Begin PBXNativeTarget section */
		6F1B821929518D72005849D0 /* EventsFB */ = {
			isa = PBXNativeTarget;
			buildConfigurationList = 6F1B823F29518D73005849D0 /* Build configuration list for PBXNativeTarget "EventsFB" */;
			buildPhases = (
				6F1B821629518D72005849D0 /* Sources */,
				6F1B821729518D72005849D0 /* Frameworks */,
				6F1B821829518D72005849D0 /* Resources */,
			);
			buildRules = (
			);
			dependencies = (
			);
			name = EventsFB;
			packageProductDependencies = (
				6F1B824929518FCE005849D0 /* FacebookBasics */,
				6F1B824B29518FCE005849D0 /* FacebookCore */,
				6F1B824D29518FCE005849D0 /* FacebookLogin */,
			);
			productName = EventsFB;
			productReference = 6F1B821A29518D72005849D0 /* EventsFB.app */;
			productType = "com.apple.product-type.application";
		};
		6F1B822A29518D73005849D0 /* EventsFBTests */ = {
			isa = PBXNativeTarget;
			buildConfigurationList = 6F1B824229518D73005849D0 /* Build configuration list for PBXNativeTarget "EventsFBTests" */;
			buildPhases = (
				6F1B822729518D73005849D0 /* Sources */,
				6F1B822829518D73005849D0 /* Frameworks */,
				6F1B822929518D73005849D0 /* Resources */,
			);
			buildRules = (
			);
			dependencies = (
				6F1B822D29518D73005849D0 /* PBXTargetDependency */,
			);
			name = EventsFBTests;
			productName = EventsFBTests;
			productReference = 6F1B822B29518D73005849D0 /* EventsFBTests.xctest */;
			productType = "com.apple.product-type.bundle.unit-test";
		};
		6F1B823429518D73005849D0 /* EventsFBUITests */ = {
			isa = PBXNativeTarget;
			buildConfigurationList = 6F1B824529518D73005849D0 /* Build configuration list for PBXNativeTarget "EventsFBUITests" */;
			buildPhases = (
				6F1B823129518D73005849D0 /* Sources */,
				6F1B823229518D73005849D0 /* Frameworks */,
				6F1B823329518D73005849D0 /* Resources */,
			);
			buildRules = (
			);
			dependencies = (
				6F1B823729518D73005849D0 /* PBXTargetDependency */,
			);
			name = EventsFBUITests;
			productName = EventsFBUITests;
			productReference = 6F1B823529518D73005849D0 /* EventsFBUITests.xctest */;
			productType = "com.apple.product-type.bundle.ui-testing";
		};
/* End PBXNativeTarget section */

/* Begin PBXProject section */
		6F1B821229518D72005849D0 /* Project object */ = {
			isa = PBXProject;
			attributes = {
				BuildIndependentTargetsInParallel = 1;
				LastSwiftUpdateCheck = 1400;
				LastUpgradeCheck = 1400;
				TargetAttributes = {
					6F1B821929518D72005849D0 = {
						CreatedOnToolsVersion = 14.0.1;
					};
					6F1B822A29518D73005849D0 = {
						CreatedOnToolsVersion = 14.0.1;
						TestTargetID = 6F1B821929518D72005849D0;
					};
					6F1B823429518D73005849D0 = {
						CreatedOnToolsVersion = 14.0.1;
						TestTargetID = 6F1B821929518D72005849D0;
					};
				};
			};
			buildConfigurationList = 6F1B821529518D72005849D0 /* Build configuration list for PBXProject "EventsFB" */;
			compatibilityVersion = "Xcode 14.0";
			developmentRegion = en;
			hasScannedForEncodings = 0;
			knownRegions = (
				en,
				Base,
			);
			mainGroup = 6F1B821129518D72005849D0;
			packageReferences = (
				6F1B824829518FCE005849D0 /* XCRemoteSwiftPackageReference "facebook-ios-sdk" */,
			);
			productRefGroup = 6F1B821B29518D72005849D0 /* Products */;
			projectDirPath = "";
			projectRoot = "";
			targets = (
				6F1B821929518D72005849D0 /* EventsFB */,
				6F1B822A29518D73005849D0 /* EventsFBTests */,
				6F1B823429518D73005849D0 /* EventsFBUITests */,
			);
		};
/* End PBXProject section */

/* Begin PBXResourcesBuildPhase section */
		6F1B821829518D72005849D0 /* Resources */ = {
			isa = PBXResourcesBuildPhase;
			buildActionMask = 2147483647;
			files = (
				6F1B822629518D73005849D0 /* Preview Assets.xcassets in Resources */,
				6F1B822229518D73005849D0 /* Assets.xcassets in Resources */,
			);
			runOnlyForDeploymentPostprocessing = 0;
		};
		6F1B822929518D73005849D0 /* Resources */ = {
			isa = PBXResourcesBuildPhase;
			buildActionMask = 2147483647;
			files = (
			);
			runOnlyForDeploymentPostprocessing = 0;
		};
		6F1B823329518D73005849D0 /* Resources */ = {
			isa = PBXResourcesBuildPhase;
			buildActionMask = 2147483647;
			files = (
			);
			runOnlyForDeploymentPostprocessing = 0;
		};
/* End PBXResourcesBuildPhase section */

/* Begin PBXSourcesBuildPhase section */
		6F1B821629518D72005849D0 /* Sources */ = {
			isa = PBXSourcesBuildPhase;
			buildActionMask = 2147483647;
			files = (
				472442472951DACC00586BC8 /* EventsViewModel.swift in Sources */,
				472442452951DA9400586BC8 /* AppDelegate.swift in Sources */,
				6F1B822029518D72005849D0 /* ContentView.swift in Sources */,
				6F1B821E29518D72005849D0 /* EventsFBApp.swift in Sources */,
			);
			runOnlyForDeploymentPostprocessing = 0;
		};
		6F1B822729518D73005849D0 /* Sources */ = {
			isa = PBXSourcesBuildPhase;
			buildActionMask = 2147483647;
			files = (
				6F1B823029518D73005849D0 /* EventsFBTests.swift in Sources */,
			);
			runOnlyForDeploymentPostprocessing = 0;
		};
		6F1B823129518D73005849D0 /* Sources */ = {
			isa = PBXSourcesBuildPhase;
			buildActionMask = 2147483647;
			files = (
				6F1B823C29518D73005849D0 /* EventsFBUITestsLaunchTests.swift in Sources */,
				6F1B823A29518D73005849D0 /* EventsFBUITests.swift in Sources */,
			);
			runOnlyForDeploymentPostprocessing = 0;
		};
/* End PBXSourcesBuildPhase section */

/* Begin PBXTargetDependency section */
		6F1B822D29518D73005849D0 /* PBXTargetDependency */ = {
			isa = PBXTargetDependency;
			target = 6F1B821929518D72005849D0 /* EventsFB */;
			targetProxy = 6F1B822C29518D73005849D0 /* PBXContainerItemProxy */;
		};
		6F1B823729518D73005849D0 /* PBXTargetDependency */ = {
			isa = PBXTargetDependency;
			target = 6F1B821929518D72005849D0 /* EventsFB */;
			targetProxy = 6F1B823629518D73005849D0 /* PBXContainerItemProxy */;
		};
/* End PBXTargetDependency section */

/* Begin XCBuildConfiguration section */
		6F1B823D29518D73005849D0 /* Debug */ = {
			isa = XCBuildConfiguration;
			buildSettings = {
				ALWAYS_SEARCH_USER_PATHS = NO;
				CLANG_ANALYZER_NONNULL = YES;
				CLANG_ANALYZER_NUMBER_OBJECT_CONVERSION = YES_AGGRESSIVE;
				CLANG_CXX_LANGUAGE_STANDARD = "gnu++20";
				CLANG_ENABLE_MODULES = YES;
				CLANG_ENABLE_OBJC_ARC = YES;
				CLANG_ENABLE_OBJC_WEAK = YES;
				CLANG_WARN_BLOCK_CAPTURE_AUTORELEASING = YES;
				CLANG_WARN_BOOL_CONVERSION = YES;
				CLANG_WARN_COMMA = YES;
				CLANG_WARN_CONSTANT_CONVERSION = YES;
				CLANG_WARN_DEPRECATED_OBJC_IMPLEMENTATIONS = YES;
				CLANG_WARN_DIRECT_OBJC_ISA_USAGE = YES_ERROR;
				CLANG_WARN_DOCUMENTATION_COMMENTS = YES;
				CLANG_WARN_EMPTY_BODY = YES;
				CLANG_WARN_ENUM_CONVERSION = YES;
				CLANG_WARN_INFINITE_RECURSION = YES;
				CLANG_WARN_INT_CONVERSION = YES;
				CLANG_WARN_NON_LITERAL_NULL_CONVERSION = YES;
				CLANG_WARN_OBJC_IMPLICIT_RETAIN_SELF = YES;
				CLANG_WARN_OBJC_LITERAL_CONVERSION = YES;
				CLANG_WARN_OBJC_ROOT_CLASS = YES_ERROR;
				CLANG_WARN_QUOTED_INCLUDE_IN_FRAMEWORK_HEADER = YES;
				CLANG_WARN_RANGE_LOOP_ANALYSIS = YES;
				CLANG_WARN_STRICT_PROTOTYPES = YES;
				CLANG_WARN_SUSPICIOUS_MOVE = YES;
				CLANG_WARN_UNGUARDED_AVAILABILITY = YES_AGGRESSIVE;
				CLANG_WARN_UNREACHABLE_CODE = YES;
				CLANG_WARN__DUPLICATE_METHOD_MATCH = YES;
				COPY_PHASE_STRIP = NO;
				DEBUG_INFORMATION_FORMAT = dwarf;
				ENABLE_STRICT_OBJC_MSGSEND = YES;
				ENABLE_TESTABILITY = YES;
				GCC_C_LANGUAGE_STANDARD = gnu11;
				GCC_DYNAMIC_NO_PIC = NO;
				GCC_NO_COMMON_BLOCKS = YES;
				GCC_OPTIMIZATION_LEVEL = 0;
				GCC_PREPROCESSOR_DEFINITIONS = (
					"DEBUG=1",
					"$(inherited)",
				);
				GCC_WARN_64_TO_32_BIT_CONVERSION = YES;
				GCC_WARN_ABOUT_RETURN_TYPE = YES_ERROR;
				GCC_WARN_UNDECLARED_SELECTOR = YES;
				GCC_WARN_UNINITIALIZED_AUTOS = YES_AGGRESSIVE;
				GCC_WARN_UNUSED_FUNCTION = YES;
				GCC_WARN_UNUSED_VARIABLE = YES;
				MTL_ENABLE_DEBUG_INFO = INCLUDE_SOURCE;
				MTL_FAST_MATH = YES;
				ONLY_ACTIVE_ARCH = YES;
				SWIFT_ACTIVE_COMPILATION_CONDITIONS = DEBUG;
				SWIFT_OPTIMIZATION_LEVEL = "-Onone";
			};
			name = Debug;
		};
		6F1B823E29518D73005849D0 /* Release */ = {
			isa = XCBuildConfiguration;
			buildSettings = {
				ALWAYS_SEARCH_USER_PATHS = NO;
				CLANG_ANALYZER_NONNULL = YES;
				CLANG_ANALYZER_NUMBER_OBJECT_CONVERSION = YES_AGGRESSIVE;
				CLANG_CXX_LANGUAGE_STANDARD = "gnu++20";
				CLANG_ENABLE_MODULES = YES;
				CLANG_ENABLE_OBJC_ARC = YES;
				CLANG_ENABLE_OBJC_WEAK = YES;
				CLANG_WARN_BLOCK_CAPTURE_AUTORELEASING = YES;
				CLANG_WARN_BOOL_CONVERSION = YES;
				CLANG_WARN_COMMA = YES;
				CLANG_WARN_CONSTANT_CONVERSION = YES;
				CLANG_WARN_DEPRECATED_OBJC_IMPLEMENTATIONS = YES;
				CLANG_WARN_DIRECT_OBJC_ISA_USAGE = YES_ERROR;
				CLANG_WARN_DOCUMENTATION_COMMENTS = YES;
				CLANG_WARN_EMPTY_BODY = YES;
				CLANG_WARN_ENUM_CONVERSION = YES;
				CLANG_WARN_INFINITE_RECURSION = YES;
				CLANG_WARN_INT_CONVERSION = YES;
				CLANG_WARN_NON_LITERAL_NULL_CONVERSION = YES;
				CLANG_WARN_OBJC_IMPLICIT_RETAIN_SELF = YES;
				CLANG_WARN_OBJC_LITERAL_CONVERSION = YES;
				CLANG_WARN_OBJC_ROOT_CLASS = YES_ERROR;
				CLANG_WARN_QUOTED_INCLUDE_IN_FRAMEWORK_HEADER = YES;
				CLANG_WARN_RANGE_LOOP_ANALYSIS = YES;
				CLANG_WARN_STRICT_PROTOTYPES = YES;
				CLANG_WARN_SUSPICIOUS_MOVE = YES;
				CLANG_WARN_UNGUARDED_AVAILABILITY = YES_AGGRESSIVE;
				CLANG_WARN_UNREACHABLE_CODE = YES;
				CLANG_WARN__DUPLICATE_METHOD_MATCH = YES;
				COPY_PHASE_STRIP = NO;
				DEBUG_INFORMATION_FORMAT = "dwarf-with-dsym";
				ENABLE_NS_ASSERTIONS = NO;
				ENABLE_STRICT_OBJC_MSGSEND = YES;
				GCC_C_LANGUAGE_STANDARD = gnu11;
				GCC_NO_COMMON_BLOCKS = YES;
				GCC_WARN_64_TO_32_BIT_CONVERSION = YES;
				GCC_WARN_ABOUT_RETURN_TYPE = YES_ERROR;
				GCC_WARN_UNDECLARED_SELECTOR = YES;
				GCC_WARN_UNINITIALIZED_AUTOS = YES_AGGRESSIVE;
				GCC_WARN_UNUSED_FUNCTION = YES;
				GCC_WARN_UNUSED_VARIABLE = YES;
				MTL_ENABLE_DEBUG_INFO = NO;
				MTL_FAST_MATH = YES;
				SWIFT_COMPILATION_MODE = wholemodule;
				SWIFT_OPTIMIZATION_LEVEL = "-O";
			};
			name = Release;
		};
		6F1B824029518D73005849D0 /* Debug */ = {
			isa = XCBuildConfiguration;
			buildSettings = {
				ASSETCATALOG_COMPILER_APPICON_NAME = AppIcon;
				ASSETCATALOG_COMPILER_GLOBAL_ACCENT_COLOR_NAME = AccentColor;
				CODE_SIGN_ALLOW_ENTITLEMENTS_MODIFICATION = YES;
				CODE_SIGN_ENTITLEMENTS = EventsFB/EventsFB.entitlements;
				CODE_SIGN_STYLE = Automatic;
				CURRENT_PROJECT_VERSION = 1;
				DEVELOPMENT_ASSET_PATHS = "\"EventsFB/Preview Content\"";
				ENABLE_PREVIEWS = YES;
				GENERATE_INFOPLIST_FILE = YES;
				INFOPLIST_FILE = EventsFB/Info.plist;
				"INFOPLIST_KEY_UIApplicationSceneManifest_Generation[sdk=iphoneos*]" = YES;
				"INFOPLIST_KEY_UIApplicationSceneManifest_Generation[sdk=iphonesimulator*]" = YES;
				"INFOPLIST_KEY_UIApplicationSupportsIndirectInputEvents[sdk=iphoneos*]" = YES;
				"INFOPLIST_KEY_UIApplicationSupportsIndirectInputEvents[sdk=iphonesimulator*]" = YES;
				"INFOPLIST_KEY_UILaunchScreen_Generation[sdk=iphoneos*]" = YES;
				"INFOPLIST_KEY_UILaunchScreen_Generation[sdk=iphonesimulator*]" = YES;
				"INFOPLIST_KEY_UIStatusBarStyle[sdk=iphoneos*]" = UIStatusBarStyleDefault;
				"INFOPLIST_KEY_UIStatusBarStyle[sdk=iphonesimulator*]" = UIStatusBarStyleDefault;
				INFOPLIST_KEY_UISupportedInterfaceOrientations_iPad = "UIInterfaceOrientationPortrait UIInterfaceOrientationPortraitUpsideDown UIInterfaceOrientationLandscapeLeft UIInterfaceOrientationLandscapeRight";
				INFOPLIST_KEY_UISupportedInterfaceOrientations_iPhone = "UIInterfaceOrientationPortrait UIInterfaceOrientationLandscapeLeft UIInterfaceOrientationLandscapeRight";
				IPHONEOS_DEPLOYMENT_TARGET = 16.0;
				LD_RUNPATH_SEARCH_PATHS = "@executable_path/Frameworks";
				"LD_RUNPATH_SEARCH_PATHS[sdk=macosx*]" = "@executable_path/../Frameworks";
				MACOSX_DEPLOYMENT_TARGET = 12.3;
				MARKETING_VERSION = 1.0;
				PRODUCT_BUNDLE_IDENTIFIER = new.EventsFB;
				PRODUCT_NAME = "$(TARGET_NAME)";
				SDKROOT = auto;
				SUPPORTED_PLATFORMS = "iphoneos iphonesimulator macosx";
				SWIFT_EMIT_LOC_STRINGS = YES;
				SWIFT_VERSION = 5.0;
				TARGETED_DEVICE_FAMILY = "1,2";
				n = "";
			};
			name = Debug;
		};
		6F1B824129518D73005849D0 /* Release */ = {
			isa = XCBuildConfiguration;
			buildSettings = {
				ASSETCATALOG_COMPILER_APPICON_NAME = AppIcon;
				ASSETCATALOG_COMPILER_GLOBAL_ACCENT_COLOR_NAME = AccentColor;
				CODE_SIGN_ALLOW_ENTITLEMENTS_MODIFICATION = YES;
				CODE_SIGN_ENTITLEMENTS = EventsFB/EventsFB.entitlements;
				CODE_SIGN_STYLE = Automatic;
				CURRENT_PROJECT_VERSION = 1;
				DEVELOPMENT_ASSET_PATHS = "\"EventsFB/Preview Content\"";
				ENABLE_PREVIEWS = YES;
				GENERATE_INFOPLIST_FILE = YES;
				INFOPLIST_FILE = EventsFB/Info.plist;
				"INFOPLIST_KEY_UIApplicationSceneManifest_Generation[sdk=iphoneos*]" = YES;
				"INFOPLIST_KEY_UIApplicationSceneManifest_Generation[sdk=iphonesimulator*]" = YES;
				"INFOPLIST_KEY_UIApplicationSupportsIndirectInputEvents[sdk=iphoneos*]" = YES;
				"INFOPLIST_KEY_UIApplicationSupportsIndirectInputEvents[sdk=iphonesimulator*]" = YES;
				"INFOPLIST_KEY_UILaunchScreen_Generation[sdk=iphoneos*]" = YES;
				"INFOPLIST_KEY_UILaunchScreen_Generation[sdk=iphonesimulator*]" = YES;
				"INFOPLIST_KEY_UIStatusBarStyle[sdk=iphoneos*]" = UIStatusBarStyleDefault;
				"INFOPLIST_KEY_UIStatusBarStyle[sdk=iphonesimulator*]" = UIStatusBarStyleDefault;
				INFOPLIST_KEY_UISupportedInterfaceOrientations_iPad = "UIInterfaceOrientationPortrait UIInterfaceOrientationPortraitUpsideDown UIInterfaceOrientationLandscapeLeft UIInterfaceOrientationLandscapeRight";
				INFOPLIST_KEY_UISupportedInterfaceOrientations_iPhone = "UIInterfaceOrientationPortrait UIInterfaceOrientationLandscapeLeft UIInterfaceOrientationLandscapeRight";
				IPHONEOS_DEPLOYMENT_TARGET = 16.0;
				LD_RUNPATH_SEARCH_PATHS = "@executable_path/Frameworks";
				"LD_RUNPATH_SEARCH_PATHS[sdk=macosx*]" = "@executable_path/../Frameworks";
				MACOSX_DEPLOYMENT_TARGET = 12.3;
				MARKETING_VERSION = 1.0;
				PRODUCT_BUNDLE_IDENTIFIER = new.EventsFB;
				PRODUCT_NAME = "$(TARGET_NAME)";
				SDKROOT = auto;
				SUPPORTED_PLATFORMS = "iphoneos iphonesimulator macosx";
				SWIFT_EMIT_LOC_STRINGS = YES;
				SWIFT_VERSION = 5.0;
				TARGETED_DEVICE_FAMILY = "1,2";
				n = "";
			};
			name = Release;
		};
		6F1B824329518D73005849D0 /* Debug */ = {
			isa = XCBuildConfiguration;
			buildSettings = {
				ALWAYS_EMBED_SWIFT_STANDARD_LIBRARIES = YES;
				BUNDLE_LOADER = "$(TEST_HOST)";
				CODE_SIGN_STYLE = Automatic;
				CURRENT_PROJECT_VERSION = 1;
				GENERATE_INFOPLIST_FILE = YES;
				IPHONEOS_DEPLOYMENT_TARGET = 16.0;
				MACOSX_DEPLOYMENT_TARGET = 12.3;
				MARKETING_VERSION = 1.0;
				PRODUCT_BUNDLE_IDENTIFIER = new.EventsFBTests;
				PRODUCT_NAME = "$(TARGET_NAME)";
				SDKROOT = auto;
				SUPPORTED_PLATFORMS = "iphoneos iphonesimulator macosx";
				SWIFT_EMIT_LOC_STRINGS = NO;
				SWIFT_VERSION = 5.0;
				TARGETED_DEVICE_FAMILY = "1,2";
				TEST_HOST = "$(BUILT_PRODUCTS_DIR)/EventsFB.app/$(BUNDLE_EXECUTABLE_FOLDER_PATH)/EventsFB";
			};
			name = Debug;
		};
		6F1B824429518D73005849D0 /* Release */ = {
			isa = XCBuildConfiguration;
			buildSettings = {
				ALWAYS_EMBED_SWIFT_STANDARD_LIBRARIES = YES;
				BUNDLE_LOADER = "$(TEST_HOST)";
				CODE_SIGN_STYLE = Automatic;
				CURRENT_PROJECT_VERSION = 1;
				GENERATE_INFOPLIST_FILE = YES;
				IPHONEOS_DEPLOYMENT_TARGET = 16.0;
				MACOSX_DEPLOYMENT_TARGET = 12.3;
				MARKETING_VERSION = 1.0;
				PRODUCT_BUNDLE_IDENTIFIER = new.EventsFBTests;
				PRODUCT_NAME = "$(TARGET_NAME)";
				SDKROOT = auto;
				SUPPORTED_PLATFORMS = "iphoneos iphonesimulator macosx";
				SWIFT_EMIT_LOC_STRINGS = NO;
				SWIFT_VERSION = 5.0;
				TARGETED_DEVICE_FAMILY = "1,2";
				TEST_HOST = "$(BUILT_PRODUCTS_DIR)/EventsFB.app/$(BUNDLE_EXECUTABLE_FOLDER_PATH)/EventsFB";
			};
			name = Release;
		};
		6F1B824629518D73005849D0 /* Debug */ = {
			isa = XCBuildConfiguration;
			buildSettings = {
				ALWAYS_EMBED_SWIFT_STANDARD_LIBRARIES = YES;
				CODE_SIGN_STYLE = Automatic;
				CURRENT_PROJECT_VERSION = 1;
				GENERATE_INFOPLIST_FILE = YES;
				IPHONEOS_DEPLOYMENT_TARGET = 16.0;
				MACOSX_DEPLOYMENT_TARGET = 12.3;
				MARKETING_VERSION = 1.0;
				PRODUCT_BUNDLE_IDENTIFIER = new.EventsFBUITests;
				PRODUCT_NAME = "$(TARGET_NAME)";
				SDKROOT = auto;
				SUPPORTED_PLATFORMS = "iphoneos iphonesimulator macosx";
				SWIFT_EMIT_LOC_STRINGS = NO;
				SWIFT_VERSION = 5.0;
				TARGETED_DEVICE_FAMILY = "1,2";
				TEST_TARGET_NAME = EventsFB;
			};
			name = Debug;
		};
		6F1B824729518D73005849D0 /* Release */ = {
			isa = XCBuildConfiguration;
			buildSettings = {
				ALWAYS_EMBED_SWIFT_STANDARD_LIBRARIES = YES;
				CODE_SIGN_STYLE = Automatic;
				CURRENT_PROJECT_VERSION = 1;
				GENERATE_INFOPLIST_FILE = YES;
				IPHONEOS_DEPLOYMENT_TARGET = 16.0;
				MACOSX_DEPLOYMENT_TARGET = 12.3;
				MARKETING_VERSION = 1.0;
				PRODUCT_BUNDLE_IDENTIFIER = new.EventsFBUITests;
				PRODUCT_NAME = "$(TARGET_NAME)";
				SDKROOT = auto;
				SUPPORTED_PLATFORMS = "iphoneos iphonesimulator macosx";
				SWIFT_EMIT_LOC_STRINGS = NO;
				SWIFT_VERSION = 5.0;
				TARGETED_DEVICE_FAMILY = "1,2";
				TEST_TARGET_NAME = EventsFB;
			};
			name = Release;
		};
/* End XCBuildConfiguration section */

/* Begin XCConfigurationList section */
		6F1B821529518D72005849D0 /* Build configuration list for PBXProject "EventsFB" */ = {
			isa = XCConfigurationList;
			buildConfigurations = (
				6F1B823D29518D73005849D0 /* Debug */,
				6F1B823E29518D73005849D0 /* Release */,
			);
			defaultConfigurationIsVisible = 0;
			defaultConfigurationName = Release;
		};
		6F1B823F29518D73005849D0 /* Build configuration list for PBXNativeTarget "EventsFB" */ = {
			isa = XCConfigurationList;
			buildConfigurations = (
				6F1B824029518D73005849D0 /* Debug */,
				6F1B824129518D73005849D0 /* Release */,
			);
			defaultConfigurationIsVisible = 0;
			defaultConfigurationName = Release;
		};
		6F1B824229518D73005849D0 /* Build configuration list for PBXNativeTarget "EventsFBTests" */ = {
			isa = XCConfigurationList;
			buildConfigurations = (
				6F1B824329518D73005849D0 /* Debug */,
				6F1B824429518D73005849D0 /* Release */,
			);
			defaultConfigurationIsVisible = 0;
			defaultConfigurationName = Release;
		};
		6F1B824529518D73005849D0 /* Build configuration list for PBXNativeTarget "EventsFBUITests" */ = {
			isa = XCConfigurationList;
			buildConfigurations = (
				6F1B824629518D73005849D0 /* Debug */,
				6F1B824729518D73005849D0 /* Release */,
			);
			defaultConfigurationIsVisible = 0;
			defaultConfigurationName = Release;
		};
/* End XCConfigurationList section */

/* Begin XCRemoteSwiftPackageReference section */
		6F1B824829518FCE005849D0 /* XCRemoteSwiftPackageReference "facebook-ios-sdk" */ = {
			isa = XCRemoteSwiftPackageReference;
			repositoryURL = "https://github.com/facebook/facebook-ios-sdk";
			requirement = {
				branch = main;
				kind = branch;
			};
		};
/* End XCRemoteSwiftPackageReference section */

/* Begin XCSwiftPackageProductDependency section */
		6F1B824929518FCE005849D0 /* FacebookBasics */ = {
			isa = XCSwiftPackageProductDependency;
			package = 6F1B824829518FCE005849D0 /* XCRemoteSwiftPackageReference "facebook-ios-sdk" */;
			productName = FacebookBasics;
		};
		6F1B824B29518FCE005849D0 /* FacebookCore */ = {
			isa = XCSwiftPackageProductDependency;
			package = 6F1B824829518FCE005849D0 /* XCRemoteSwiftPackageReference "facebook-ios-sdk" */;
			productName = FacebookCore;
		};
		6F1B824D29518FCE005849D0 /* FacebookLogin */ = {
			isa = XCSwiftPackageProductDependency;
			package = 6F1B824829518FCE005849D0 /* XCRemoteSwiftPackageReference "facebook-ios-sdk" */;
			productName = FacebookLogin;
		};
/* End XCSwiftPackageProductDependency section */
	};
	rootObject = 6F1B821229518D72005849D0 /* Project object */;
}
